// !$*UTF8*$!
{
	archiveVersion = 1;
	classes = {
	};
	objectVersion = 46;
	objects = {

/* Begin PBXBuildFile section */
		4FF8B9CD1DA4C36B00737150 /* Protocol.framework in Frameworks */ = {isa = PBXBuildFile; fileRef = 4FF8B9C31DA4C36B00737150 /* Protocol.framework */; };
		4FF8B9D21DA4C36B00737150 /* ProtocolTests.swift in Sources */ = {isa = PBXBuildFile; fileRef = 4FF8B9D11DA4C36B00737150 /* ProtocolTests.swift */; };
		4FF8B9D41DA4C36B00737150 /* Protocol.h in Headers */ = {isa = PBXBuildFile; fileRef = 4FF8B9C61DA4C36B00737150 /* Protocol.h */; settings = {ATTRIBUTES = (Public, ); }; };
		4FF8B9DF1DA4C37C00737150 /* Feature.swift in Sources */ = {isa = PBXBuildFile; fileRef = 4FF8B9DD1DA4C37C00737150 /* Feature.swift */; };
		4FF8B9E01DA4C37C00737150 /* RequiresOutletConnector.swift in Sources */ = {isa = PBXBuildFile; fileRef = 4FF8B9DE1DA4C37C00737150 /* RequiresOutletConnector.swift */; };
		4FF8B9E21DA4C6FF00737150 /* Sender.swift in Sources */ = {isa = PBXBuildFile; fileRef = 4FF8B9E11DA4C6FF00737150 /* Sender.swift */; };
/* End PBXBuildFile section */

/* Begin PBXContainerItemProxy section */
		4FF8B9CE1DA4C36B00737150 /* PBXContainerItemProxy */ = {
			isa = PBXContainerItemProxy;
			containerPortal = 4FF8B9BA1DA4C36B00737150 /* Project object */;
			proxyType = 1;
			remoteGlobalIDString = 4FF8B9C21DA4C36B00737150;
			remoteInfo = Protocol;
		};
/* End PBXContainerItemProxy section */

/* Begin PBXFileReference section */
		4FF8B9C31DA4C36B00737150 /* Protocol.framework */ = {isa = PBXFileReference; explicitFileType = wrapper.framework; includeInIndex = 0; path = Protocol.framework; sourceTree = BUILT_PRODUCTS_DIR; };
		4FF8B9C61DA4C36B00737150 /* Protocol.h */ = {isa = PBXFileReference; lastKnownFileType = sourcecode.c.h; path = Protocol.h; sourceTree = "<group>"; };
		4FF8B9C71DA4C36B00737150 /* Info.plist */ = {isa = PBXFileReference; lastKnownFileType = text.plist.xml; path = Info.plist; sourceTree = "<group>"; };
		4FF8B9CC1DA4C36B00737150 /* ProtocolTests.xctest */ = {isa = PBXFileReference; explicitFileType = wrapper.cfbundle; includeInIndex = 0; path = ProtocolTests.xctest; sourceTree = BUILT_PRODUCTS_DIR; };
		4FF8B9D11DA4C36B00737150 /* ProtocolTests.swift */ = {isa = PBXFileReference; lastKnownFileType = sourcecode.swift; path = ProtocolTests.swift; sourceTree = "<group>"; };
		4FF8B9D31DA4C36B00737150 /* Info.plist */ = {isa = PBXFileReference; lastKnownFileType = text.plist.xml; path = Info.plist; sourceTree = "<group>"; };
		4FF8B9DD1DA4C37C00737150 /* Feature.swift */ = {isa = PBXFileReference; fileEncoding = 4; lastKnownFileType = sourcecode.swift; path = Feature.swift; sourceTree = "<group>"; };
		4FF8B9DE1DA4C37C00737150 /* RequiresOutletConnector.swift */ = {isa = PBXFileReference; fileEncoding = 4; lastKnownFileType = sourcecode.swift; path = RequiresOutletConnector.swift; sourceTree = "<group>"; };
		4FF8B9E11DA4C6FF00737150 /* Sender.swift */ = {isa = PBXFileReference; fileEncoding = 4; lastKnownFileType = sourcecode.swift; path = Sender.swift; sourceTree = "<group>"; };
/* End PBXFileReference section */

/* Begin PBXFrameworksBuildPhase section */
		4FF8B9BF1DA4C36B00737150 /* Frameworks */ = {
			isa = PBXFrameworksBuildPhase;
			buildActionMask = 2147483647;
			files = (
			);
			runOnlyForDeploymentPostprocessing = 0;
		};
		4FF8B9C91DA4C36B00737150 /* Frameworks */ = {
			isa = PBXFrameworksBuildPhase;
			buildActionMask = 2147483647;
			files = (
				4FF8B9CD1DA4C36B00737150 /* Protocol.framework in Frameworks */,
			);
			runOnlyForDeploymentPostprocessing = 0;
		};
/* End PBXFrameworksBuildPhase section */

/* Begin PBXGroup section */
		4FF8B9B91DA4C36B00737150 = {
			isa = PBXGroup;
			children = (
				4FF8B9C51DA4C36B00737150 /* Protocol */,
				4FF8B9D01DA4C36B00737150 /* ProtocolTests */,
				4FF8B9C41DA4C36B00737150 /* Products */,
			);
			sourceTree = "<group>";
		};
		4FF8B9C41DA4C36B00737150 /* Products */ = {
			isa = PBXGroup;
			children = (
				4FF8B9C31DA4C36B00737150 /* Protocol.framework */,
				4FF8B9CC1DA4C36B00737150 /* ProtocolTests.xctest */,
			);
			name = Products;
			sourceTree = "<group>";
		};
		4FF8B9C51DA4C36B00737150 /* Protocol */ = {
			isa = PBXGroup;
			children = (
				4FF8B9DD1DA4C37C00737150 /* Feature.swift */,
				4FF8B9E11DA4C6FF00737150 /* Sender.swift */,
				4FF8B9DE1DA4C37C00737150 /* RequiresOutletConnector.swift */,
				4FF8B9C61DA4C36B00737150 /* Protocol.h */,
				4FF8B9C71DA4C36B00737150 /* Info.plist */,
			);
			path = Protocol;
			sourceTree = "<group>";
		};
		4FF8B9D01DA4C36B00737150 /* ProtocolTests */ = {
			isa = PBXGroup;
			children = (
				4FF8B9D11DA4C36B00737150 /* ProtocolTests.swift */,
				4FF8B9D31DA4C36B00737150 /* Info.plist */,
			);
			path = ProtocolTests;
			sourceTree = "<group>";
		};
/* End PBXGroup section */

/* Begin PBXHeadersBuildPhase section */
		4FF8B9C01DA4C36B00737150 /* Headers */ = {
			isa = PBXHeadersBuildPhase;
			buildActionMask = 2147483647;
			files = (
				4FF8B9D41DA4C36B00737150 /* Protocol.h in Headers */,
			);
			runOnlyForDeploymentPostprocessing = 0;
		};
/* End PBXHeadersBuildPhase section */

/* Begin PBXNativeTarget section */
		4FF8B9C21DA4C36B00737150 /* Protocol */ = {
			isa = PBXNativeTarget;
			buildConfigurationList = 4FF8B9D71DA4C36B00737150 /* Build configuration list for PBXNativeTarget "Protocol" */;
			buildPhases = (
				4FF8B9BE1DA4C36B00737150 /* Sources */,
				4FF8B9BF1DA4C36B00737150 /* Frameworks */,
				4FF8B9C01DA4C36B00737150 /* Headers */,
				4FF8B9C11DA4C36B00737150 /* Resources */,
			);
			buildRules = (
			);
			dependencies = (
			);
			name = Protocol;
			productName = Protocol;
			productReference = 4FF8B9C31DA4C36B00737150 /* Protocol.framework */;
			productType = "com.apple.product-type.framework";
		};
		4FF8B9CB1DA4C36B00737150 /* ProtocolTests */ = {
			isa = PBXNativeTarget;
			buildConfigurationList = 4FF8B9DA1DA4C36B00737150 /* Build configuration list for PBXNativeTarget "ProtocolTests" */;
			buildPhases = (
				4FF8B9C81DA4C36B00737150 /* Sources */,
				4FF8B9C91DA4C36B00737150 /* Frameworks */,
				4FF8B9CA1DA4C36B00737150 /* Resources */,
			);
			buildRules = (
			);
			dependencies = (
				4FF8B9CF1DA4C36B00737150 /* PBXTargetDependency */,
			);
			name = ProtocolTests;
			productName = ProtocolTests;
			productReference = 4FF8B9CC1DA4C36B00737150 /* ProtocolTests.xctest */;
			productType = "com.apple.product-type.bundle.unit-test";
		};
/* End PBXNativeTarget section */

/* Begin PBXProject section */
		4FF8B9BA1DA4C36B00737150 /* Project object */ = {
			isa = PBXProject;
			attributes = {
				LastSwiftUpdateCheck = 0800;
				LastUpgradeCheck = 0800;
				ORGANIZATIONNAME = "Daher Alfawares";
				TargetAttributes = {
					4FF8B9C21DA4C36B00737150 = {
						CreatedOnToolsVersion = 8.0;
						DevelopmentTeam = NF856H64DK;
						LastSwiftMigration = 0800;
						ProvisioningStyle = Automatic;
					};
					4FF8B9CB1DA4C36B00737150 = {
						CreatedOnToolsVersion = 8.0;
						DevelopmentTeam = NF856H64DK;
						ProvisioningStyle = Automatic;
					};
				};
			};
			buildConfigurationList = 4FF8B9BD1DA4C36B00737150 /* Build configuration list for PBXProject "Protocol" */;
			compatibilityVersion = "Xcode 3.2";
			developmentRegion = English;
			hasScannedForEncodings = 0;
			knownRegions = (
				en,
			);
			mainGroup = 4FF8B9B91DA4C36B00737150;
			productRefGroup = 4FF8B9C41DA4C36B00737150 /* Products */;
			projectDirPath = "";
			projectRoot = "";
			targets = (
				4FF8B9C21DA4C36B00737150 /* Protocol */,
				4FF8B9CB1DA4C36B00737150 /* ProtocolTests */,
			);
		};
/* End PBXProject section */

/* Begin PBXResourcesBuildPhase section */
		4FF8B9C11DA4C36B00737150 /* Resources */ = {
			isa = PBXResourcesBuildPhase;
			buildActionMask = 2147483647;
			files = (
			);
			runOnlyForDeploymentPostprocessing = 0;
		};
		4FF8B9CA1DA4C36B00737150 /* Resources */ = {
			isa = PBXResourcesBuildPhase;
			buildActionMask = 2147483647;
			files = (
			);
			runOnlyForDeploymentPostprocessing = 0;
		};
/* End PBXResourcesBuildPhase section */

/* Begin PBXSourcesBuildPhase section */
		4FF8B9BE1DA4C36B00737150 /* Sources */ = {
			isa = PBXSourcesBuildPhase;
			buildActionMask = 2147483647;
			files = (
				4FF8B9E01DA4C37C00737150 /* RequiresOutletConnector.swift in Sources */,
				4FF8B9E21DA4C6FF00737150 /* Sender.swift in Sources */,
				4FF8B9DF1DA4C37C00737150 /* Feature.swift in Sources */,
			);
			runOnlyForDeploymentPostprocessing = 0;
		};
		4FF8B9C81DA4C36B00737150 /* Sources */ = {
			isa = PBXSourcesBuildPhase;
			buildActionMask = 2147483647;
			files = (
				4FF8B9D21DA4C36B00737150 /* ProtocolTests.swift in Sources */,
			);
			runOnlyForDeploymentPostprocessing = 0;
		};
/* End PBXSourcesBuildPhase section */

/* Begin PBXTargetDependency section */
		4FF8B9CF1DA4C36B00737150 /* PBXTargetDependency */ = {
			isa = PBXTargetDependency;
			target = 4FF8B9C21DA4C36B00737150 /* Protocol */;
			targetProxy = 4FF8B9CE1DA4C36B00737150 /* PBXContainerItemProxy */;
		};
/* End PBXTargetDependency section */

/* Begin XCBuildConfiguration section */
		4FF8B9D51DA4C36B00737150 /* Debug */ = {
			isa = XCBuildConfiguration;
			buildSettings = {
				ALWAYS_SEARCH_USER_PATHS = NO;
				CLANG_ANALYZER_NONNULL = YES;
				CLANG_CXX_LANGUAGE_STANDARD = "gnu++0x";
				CLANG_CXX_LIBRARY = "libc++";
				CLANG_ENABLE_MODULES = YES;
				CLANG_ENABLE_OBJC_ARC = YES;
				CLANG_WARN_BOOL_CONVERSION = YES;
				CLANG_WARN_CONSTANT_CONVERSION = YES;
				CLANG_WARN_DIRECT_OBJC_ISA_USAGE = YES_ERROR;
				CLANG_WARN_DOCUMENTATION_COMMENTS = YES;
				CLANG_WARN_EMPTY_BODY = YES;
				CLANG_WARN_ENUM_CONVERSION = YES;
				CLANG_WARN_INFINITE_RECURSION = YES;
				CLANG_WARN_INT_CONVERSION = YES;
				CLANG_WARN_OBJC_ROOT_CLASS = YES_ERROR;
				CLANG_WARN_SUSPICIOUS_MOVES = YES;
				CLANG_WARN_UNREACHABLE_CODE = YES;
				CLANG_WARN__DUPLICATE_METHOD_MATCH = YES;
				"CODE_SIGN_IDENTITY[sdk=iphoneos*]" = "iPhone Developer";
				COPY_PHASE_STRIP = NO;
				CURRENT_PROJECT_VERSION = 1;
				DEBUG_INFORMATION_FORMAT = dwarf;
				ENABLE_STRICT_OBJC_MSGSEND = YES;
				ENABLE_TESTABILITY = YES;
				GCC_C_LANGUAGE_STANDARD = gnu99;
				GCC_DYNAMIC_NO_PIC = NO;
				GCC_NO_COMMON_BLOCKS = YES;
				GCC_OPTIMIZATION_LEVEL = 0;
				GCC_PREPROCESSOR_DEFINITIONS = (
					"DEBUG=1",
					"$(inherited)",
				);
				GCC_WARN_64_TO_32_BIT_CONVERSION = YES;
				GCC_WARN_ABOUT_RETURN_TYPE = YES_ERROR;
				GCC_WARN_UNDECLARED_SELECTOR = YES;
				GCC_WARN_UNINITIALIZED_AUTOS = YES_AGGRESSIVE;
				GCC_WARN_UNUSED_FUNCTION = YES;
				GCC_WARN_UNUSED_VARIABLE = YES;
				IPHONEOS_DEPLOYMENT_TARGET = 10.0;
				MTL_ENABLE_DEBUG_INFO = YES;
				ONLY_ACTIVE_ARCH = YES;
				SDKROOT = iphoneos;
				SWIFT_ACTIVE_COMPILATION_CONDITIONS = DEBUG;
				SWIFT_OPTIMIZATION_LEVEL = "-Onone";
				TARGETED_DEVICE_FAMILY = "1,2";
				VERSIONING_SYSTEM = "apple-generic";
				VERSION_INFO_PREFIX = "";
			};
			name = Debug;
		};
		4FF8B9D61DA4C36B00737150 /* Release */ = {
			isa = XCBuildConfiguration;
			buildSettings = {
				ALWAYS_SEARCH_USER_PATHS = NO;
				CLANG_ANALYZER_NONNULL = YES;
				CLANG_CXX_LANGUAGE_STANDARD = "gnu++0x";
				CLANG_CXX_LIBRARY = "libc++";
				CLANG_ENABLE_MODULES = YES;
				CLANG_ENABLE_OBJC_ARC = YES;
				CLANG_WARN_BOOL_CONVERSION = YES;
				CLANG_WARN_CONSTANT_CONVERSION = YES;
				CLANG_WARN_DIRECT_OBJC_ISA_USAGE = YES_ERROR;
				CLANG_WARN_DOCUMENTATION_COMMENTS = YES;
				CLANG_WARN_EMPTY_BODY = YES;
				CLANG_WARN_ENUM_CONVERSION = YES;
				CLANG_WARN_INFINITE_RECURSION = YES;
				CLANG_WARN_INT_CONVERSION = YES;
				CLANG_WARN_OBJC_ROOT_CLASS = YES_ERROR;
				CLANG_WARN_SUSPICIOUS_MOVES = YES;
				CLANG_WARN_UNREACHABLE_CODE = YES;
				CLANG_WARN__DUPLICATE_METHOD_MATCH = YES;
				"CODE_SIGN_IDENTITY[sdk=iphoneos*]" = "iPhone Developer";
				COPY_PHASE_STRIP = NO;
				CURRENT_PROJECT_VERSION = 1;
				DEBUG_INFORMATION_FORMAT = "dwarf-with-dsym";
				ENABLE_NS_ASSERTIONS = NO;
				ENABLE_STRICT_OBJC_MSGSEND = YES;
				GCC_C_LANGUAGE_STANDARD = gnu99;
				GCC_NO_COMMON_BLOCKS = YES;
				GCC_WARN_64_TO_32_BIT_CONVERSION = YES;
				GCC_WARN_ABOUT_RETURN_TYPE = YES_ERROR;
				GCC_WARN_UNDECLARED_SELECTOR = YES;
				GCC_WARN_UNINITIALIZED_AUTOS = YES_AGGRESSIVE;
				GCC_WARN_UNUSED_FUNCTION = YES;
				GCC_WARN_UNUSED_VARIABLE = YES;
				IPHONEOS_DEPLOYMENT_TARGET = 10.0;
				MTL_ENABLE_DEBUG_INFO = NO;
				SDKROOT = iphoneos;
				SWIFT_OPTIMIZATION_LEVEL = "-Owholemodule";
				TARGETED_DEVICE_FAMILY = "1,2";
				VALIDATE_PRODUCT = YES;
				VERSIONING_SYSTEM = "apple-generic";
				VERSION_INFO_PREFIX = "";
			};
			name = Release;
		};
		4FF8B9D81DA4C36B00737150 /* Debug */ = {
			isa = XCBuildConfiguration;
			buildSettings = {
				CLANG_ENABLE_MODULES = YES;
				CODE_SIGN_IDENTITY = "";
				DEFINES_MODULE = YES;
				DEVELOPMENT_TEAM = NF856H64DK;
				DYLIB_COMPATIBILITY_VERSION = 1;
				DYLIB_CURRENT_VERSION = 1;
				DYLIB_INSTALL_NAME_BASE = "@rpath";
				INFOPLIST_FILE = Protocol/Info.plist;
				INSTALL_PATH = "$(LOCAL_LIBRARY_DIR)/Frameworks";
				LD_RUNPATH_SEARCH_PATHS = "$(inherited) @executable_path/Frameworks @loader_path/Frameworks";
				PRODUCT_BUNDLE_IDENTIFIER = Daher.Protocol;
				PRODUCT_NAME = "$(TARGET_NAME)";
				SKIP_INSTALL = YES;
				SWIFT_OPTIMIZATION_LEVEL = "-Onone";
				SWIFT_VERSION = 3.0;
			};
			name = Debug;
		};
		4FF8B9D91DA4C36B00737150 /* Release */ = {
			isa = XCBuildConfiguration;
			buildSettings = {
				CLANG_ENABLE_MODULES = YES;
				CODE_SIGN_IDENTITY = "";
				DEFINES_MODULE = YES;
				DEVELOPMENT_TEAM = NF856H64DK;
				DYLIB_COMPATIBILITY_VERSION = 1;
				DYLIB_CURRENT_VERSION = 1;
				DYLIB_INSTALL_NAME_BASE = "@rpath";
				INFOPLIST_FILE = Protocol/Info.plist;
				INSTALL_PATH = "$(LOCAL_LIBRARY_DIR)/Frameworks";
				LD_RUNPATH_SEARCH_PATHS = "$(inherited) @executable_path/Frameworks @loader_path/Frameworks";
				PRODUCT_BUNDLE_IDENTIFIER = Daher.Protocol;
				PRODUCT_NAME = "$(TARGET_NAME)";
				SKIP_INSTALL = YES;
				SWIFT_VERSION = 3.0;
			};
			name = Release;
		};
		4FF8B9DB1DA4C36B00737150 /* Debug */ = {
			isa = XCBuildConfiguration;
			buildSettings = {
				ALWAYS_EMBED_SWIFT_STANDARD_LIBRARIES = YES;
				DEVELOPMENT_TEAM = NF856H64DK;
				INFOPLIST_FILE = ProtocolTests/Info.plist;
				LD_RUNPATH_SEARCH_PATHS = "$(inherited) @executable_path/Frameworks @loader_path/Frameworks";
				PRODUCT_BUNDLE_IDENTIFIER = Daher.ProtocolTests;
				PRODUCT_NAME = "$(TARGET_NAME)";
				SWIFT_VERSION = 3.0;
			};
			name = Debug;
		};
		4FF8B9DC1DA4C36B00737150 /* Release */ = {
			isa = XCBuildConfiguration;
			buildSettings = {
				ALWAYS_EMBED_SWIFT_STANDARD_LIBRARIES = YES;
				DEVELOPMENT_TEAM = NF856H64DK;
				INFOPLIST_FILE = ProtocolTests/Info.plist;
				LD_RUNPATH_SEARCH_PATHS = "$(inherited) @executable_path/Frameworks @loader_path/Frameworks";
				PRODUCT_BUNDLE_IDENTIFIER = Daher.ProtocolTests;
				PRODUCT_NAME = "$(TARGET_NAME)";
				SWIFT_VERSION = 3.0;
			};
			name = Release;
		};
/* End XCBuildConfiguration section */

/* Begin XCConfigurationList section */
		4FF8B9BD1DA4C36B00737150 /* Build configuration list for PBXProject "Protocol" */ = {
			isa = XCConfigurationList;
			buildConfigurations = (
				4FF8B9D51DA4C36B00737150 /* Debug */,
				4FF8B9D61DA4C36B00737150 /* Release */,
			);
			defaultConfigurationIsVisible = 0;
			defaultConfigurationName = Release;
		};
		4FF8B9D71DA4C36B00737150 /* Build configuration list for PBXNativeTarget "Protocol" */ = {
			isa = XCConfigurationList;
			buildConfigurations = (
				4FF8B9D81DA4C36B00737150 /* Debug */,
				4FF8B9D91DA4C36B00737150 /* Release */,
			);
			defaultConfigurationIsVisible = 0;
			defaultConfigurationName = Release;
		};
		4FF8B9DA1DA4C36B00737150 /* Build configuration list for PBXNativeTarget "ProtocolTests" */ = {
			isa = XCConfigurationList;
			buildConfigurations = (
				4FF8B9DB1DA4C36B00737150 /* Debug */,
				4FF8B9DC1DA4C36B00737150 /* Release */,
			);
			defaultConfigurationIsVisible = 0;
			defaultConfigurationName = Release;
		};
/* End XCConfigurationList section */
	};
	rootObject = 4FF8B9BA1DA4C36B00737150 /* Project object */;
}
